
Microsoft Visual Studio Solution File, Format Version 12.00
# Visual Studio Version 17
VisualStudioVersion = 17.0.31903.59
MinimumVisualStudioVersion = 10.0.40219.1
Project("{FAE04EC0-301F-11D3-BF4B-00C04F79EFBC}") = "01-Quickstart-CS", "01-Quickstart-CS\01-Quickstart-CS.csproj", "{654B8861-2A8B-4D95-A533-317D821B6606}"
EndProject
Project("{FAE04EC0-301F-11D3-BF4B-00C04F79EFBC}") = "02-LoadAndSaveHtml-CS", "02-LoadAndSaveHtml-CS\02-LoadAndSaveHtml-CS.csproj", "{65A6574B-854C-4444-B3C1-2BE0A21C315E}"
EndProject
Project("{FAE04EC0-301F-11D3-BF4B-00C04F79EFBC}") = "03-PasteFromWord-CS", "03-PasteFromWord-CS\03-PasteFromWord-CS.csproj", "{1C147F58-834F-4F20-924B-FF08D1956DE4}"
EndProject
Project("{FAE04EC0-301F-11D3-BF4B-00C04F79EFBC}") = "04-ToolbarCustomization-CS", "04-ToolbarCustomization-CS\04-ToolbarCustomization-CS.csproj", "{F294F440-D3FF-4A4B-8E35-A8FAE38D821F}"
EndProject
Project("{FAE04EC0-301F-11D3-BF4B-00C04F79EFBC}") = "05-MailMergeTemplate-CS", "05-MailMergeTemplate-CS\05-MailMergeTemplate-CS.csproj", "{3C76F519-2AB9-4283-95B4-EA24E0759B65}"
EndProject
Project("{FAE04EC0-301F-11D3-BF4B-00C04F79EFBC}") = "07-Localization-CS", "07-Localization-CS\07-Localization-CS.csproj", "{39C74599-69A1-4295-AAA3-F15F6D0462A5}"
EndProject
Project("{F184B08F-C81C-45F6-A57F-5ABD9991F28F}") = "07-Localization-VB", "07-Localization-VB\07-Localization-VB.vbproj", "{B32F8353-834B-40A5-B816-DFFBD12B64A4}"
EndProject
Project("{FAE04EC0-301F-11D3-BF4B-00C04F79EFBC}") = "08-CustomSpellChecker-CS", "08-CustomSpellChecker-CS\08-CustomSpellChecker-CS.csproj", "{28CE79EC-3C6C-45BA-ACBE-08A0709DEA25}"
EndProject
Project("{F184B08F-C81C-45F6-A57F-5ABD9991F28F}") = "08-CustomSpellChecker-VB", "08-CustomSpellChecker-VB\08-CustomSpellChecker-VB.vbproj", "{A163307C-4F0D-4A30-A534-64BE190C7BAD}"
EndProject
Project("{FAE04EC0-301F-11D3-BF4B-00C04F79EFBC}") = "10-CustomContextMenu-CS", "10-CustomContextMenu-CS\10-CustomContextMenu-CS.csproj", "{B4702794-056C-4735-BF02-6223CB8AA65C}"
EndProject
Project("{F184B08F-C81C-45F6-A57F-5ABD9991F28F}") = "10-CustomContextMenu-VB", "10-CustomContextMenu-VB\10-CustomContextMenu-VB.vbproj", "{5D00C90F-AFE9-4BC7-BFA3-BC4348EE8354}"
EndProject
Project("{FAE04EC0-301F-11D3-BF4B-00C04F79EFBC}") = "06-DataBinding-CS", "06-DataBinding-CS\06-DataBinding-CS.csproj", "{EAC34CC7-B5B9-4FC7-AF75-0333119D6680}"
EndProject
Project("{F184B08F-C81C-45F6-A57F-5ABD9991F28F}") = "06-DataBinding-VB", "06-DataBinding-VB\06-DataBinding-VB.vbproj", "{8C6FFD5A-731D-4641-B1BD-8A1AA776BEA6}"
EndProject
Project("{F184B08F-C81C-45F6-A57F-5ABD9991F28F}") = "04-ToolbarCustomization-VB", "04-ToolbarCustomization-VB\04-ToolbarCustomization-VB.vbproj", "{4655CC28-09E2-4F7E-B82B-A4C14F3F6B5A}"
EndProject
Project("{FAE04EC0-301F-11D3-BF4B-00C04F79EFBC}") = "09-CustomDialog-CS", "09-CustomDialog-CS\09-CustomDialog-CS.csproj", "{A27168B5-7E8D-47F3-BCAB-782CE81E126F}"
EndProject
Project("{F184B08F-C81C-45F6-A57F-5ABD9991F28F}") = "09-CustomDialog-VB", "09-CustomDialog-VB\09-CustomDialog-VB.vbproj", "{8FB41B90-4129-41E1-8596-C9E0C291162F}"
EndProject
Project("{FAE04EC0-301F-11D3-BF4B-00C04F79EFBC}") = "11-FullEditorDemo-CS", "11-FullEditorDemo-CS\11-FullEditorDemo-CS.csproj", "{9E8102F8-7EA9-4F3C-9864-0A5A0F9E9B9D}"
EndProject
Project("{F184B08F-C81C-45F6-A57F-5ABD9991F28F}") = "11-FullEditorDemo-VB", "11-FullEditorDemo-VB\11-FullEditorDemo-VB.vbproj", "{F610A5BF-EA04-4EA1-8D93-58AB9655DEF5}"
EndProject
Project("{F184B08F-C81C-45F6-A57F-5ABD9991F28F}") = "02-LoadAndSaveHtml-VB", "02-LoadAndSaveHtml-VB\02-LoadAndSaveHtml-VB.vbproj", "{9490249B-33FE-4088-97D6-0DB9CC90DA1B}"
EndProject
Project("{F184B08F-C81C-45F6-A57F-5ABD9991F28F}") = "05-MailMergeTemplate-VB", "05-MailMergeTemplate-VB\05-MailMergeTemplate-VB.vbproj", "{D83E2AAF-BA71-4077-9498-8483F571C60A}"
EndProject
Project("{F184B08F-C81C-45F6-A57F-5ABD9991F28F}") = "03-PasteFromWord-VB", "03-PasteFromWord-VB\03-PasteFromWord-VB.vbproj", "{DFE92CC9-9415-4E86-8EC9-C0CBB57AB14B}"
EndProject
Project("{F184B08F-C81C-45F6-A57F-5ABD9991F28F}") = "01-Quickstart-VB", "01-Quickstart-VB\01-Quickstart-VB.vbproj", "{C0E134A3-0914-48CB-BA7D-4E5BD92F1C68}"
EndProject
Global
	GlobalSection(SolutionConfigurationPlatforms) = preSolution
		Debug|Any CPU = Debug|Any CPU
		Debug|x64 = Debug|x64
		Debug|x86 = Debug|x86
		Release|Any CPU = Release|Any CPU
		Release|x64 = Release|x64
		Release|x86 = Release|x86
	EndGlobalSection
	GlobalSection(ProjectConfigurationPlatforms) = postSolution
		{654B8861-2A8B-4D95-A533-317D821B6606}.Debug|Any CPU.ActiveCfg = Debug|Any CPU
		{654B8861-2A8B-4D95-A533-317D821B6606}.Debug|Any CPU.Build.0 = Debug|Any CPU
		{654B8861-2A8B-4D95-A533-317D821B6606}.Debug|x64.ActiveCfg = Debug|Any CPU
		{654B8861-2A8B-4D95-A533-317D821B6606}.Debug|x64.Build.0 = Debug|Any CPU
		{654B8861-2A8B-4D95-A533-317D821B6606}.Debug|x86.ActiveCfg = Debug|Any CPU
		{654B8861-2A8B-4D95-A533-317D821B6606}.Debug|x86.Build.0 = Debug|Any CPU
		{654B8861-2A8B-4D95-A533-317D821B6606}.Release|Any CPU.ActiveCfg = Release|Any CPU
		{654B8861-2A8B-4D95-A533-317D821B6606}.Release|Any CPU.Build.0 = Release|Any CPU
		{654B8861-2A8B-4D95-A533-317D821B6606}.Release|x64.ActiveCfg = Release|Any CPU
		{654B8861-2A8B-4D95-A533-317D821B6606}.Release|x64.Build.0 = Release|Any CPU
		{654B8861-2A8B-4D95-A533-317D821B6606}.Release|x86.ActiveCfg = Release|Any CPU
		{654B8861-2A8B-4D95-A533-317D821B6606}.Release|x86.Build.0 = Release|Any CPU
		{65A6574B-854C-4444-B3C1-2BE0A21C315E}.Debug|Any CPU.ActiveCfg = Debug|Any CPU
		{65A6574B-854C-4444-B3C1-2BE0A21C315E}.Debug|Any CPU.Build.0 = Debug|Any CPU
		{65A6574B-854C-4444-B3C1-2BE0A21C315E}.Debug|x64.ActiveCfg = Debug|Any CPU
		{65A6574B-854C-4444-B3C1-2BE0A21C315E}.Debug|x64.Build.0 = Debug|Any CPU
		{65A6574B-854C-4444-B3C1-2BE0A21C315E}.Debug|x86.ActiveCfg = Debug|Any CPU
		{65A6574B-854C-4444-B3C1-2BE0A21C315E}.Debug|x86.Build.0 = Debug|Any CPU
		{65A6574B-854C-4444-B3C1-2BE0A21C315E}.Release|Any CPU.ActiveCfg = Release|Any CPU
		{65A6574B-854C-4444-B3C1-2BE0A21C315E}.Release|Any CPU.Build.0 = Release|Any CPU
		{65A6574B-854C-4444-B3C1-2BE0A21C315E}.Release|x64.ActiveCfg = Release|Any CPU
		{65A6574B-854C-4444-B3C1-2BE0A21C315E}.Release|x64.Build.0 = Release|Any CPU
		{65A6574B-854C-4444-B3C1-2BE0A21C315E}.Release|x86.ActiveCfg = Release|Any CPU
		{65A6574B-854C-4444-B3C1-2BE0A21C315E}.Release|x86.Build.0 = Release|Any CPU
		{1C147F58-834F-4F20-924B-FF08D1956DE4}.Debug|Any CPU.ActiveCfg = Debug|Any CPU
		{1C147F58-834F-4F20-924B-FF08D1956DE4}.Debug|Any CPU.Build.0 = Debug|Any CPU
		{1C147F58-834F-4F20-924B-FF08D1956DE4}.Debug|x64.ActiveCfg = Debug|Any CPU
		{1C147F58-834F-4F20-924B-FF08D1956DE4}.Debug|x64.Build.0 = Debug|Any CPU
		{1C147F58-834F-4F20-924B-FF08D1956DE4}.Debug|x86.ActiveCfg = Debug|Any CPU
		{1C147F58-834F-4F20-924B-FF08D1956DE4}.Debug|x86.Build.0 = Debug|Any CPU
		{1C147F58-834F-4F20-924B-FF08D1956DE4}.Release|Any CPU.ActiveCfg = Release|Any CPU
		{1C147F58-834F-4F20-924B-FF08D1956DE4}.Release|Any CPU.Build.0 = Release|Any CPU
		{1C147F58-834F-4F20-924B-FF08D1956DE4}.Release|x64.ActiveCfg = Release|Any CPU
		{1C147F58-834F-4F20-924B-FF08D1956DE4}.Release|x64.Build.0 = Release|Any CPU
		{1C147F58-834F-4F20-924B-FF08D1956DE4}.Release|x86.ActiveCfg = Release|Any CPU
		{1C147F58-834F-4F20-924B-FF08D1956DE4}.Release|x86.Build.0 = Release|Any CPU
		{F294F440-D3FF-4A4B-8E35-A8FAE38D821F}.Debug|Any CPU.ActiveCfg = Debug|Any CPU
		{F294F440-D3FF-4A4B-8E35-A8FAE38D821F}.Debug|Any CPU.Build.0 = Debug|Any CPU
		{F294F440-D3FF-4A4B-8E35-A8FAE38D821F}.Debug|x64.ActiveCfg = Debug|Any CPU
		{F294F440-D3FF-4A4B-8E35-A8FAE38D821F}.Debug|x64.Build.0 = Debug|Any CPU
		{F294F440-D3FF-4A4B-8E35-A8FAE38D821F}.Debug|x86.ActiveCfg = Debug|Any CPU
		{F294F440-D3FF-4A4B-8E35-A8FAE38D821F}.Debug|x86.Build.0 = Debug|Any CPU
		{F294F440-D3FF-4A4B-8E35-A8FAE38D821F}.Release|Any CPU.ActiveCfg = Release|Any CPU
		{F294F440-D3FF-4A4B-8E35-A8FAE38D821F}.Release|Any CPU.Build.0 = Release|Any CPU
		{F294F440-D3FF-4A4B-8E35-A8FAE38D821F}.Release|x64.ActiveCfg = Release|Any CPU
		{F294F440-D3FF-4A4B-8E35-A8FAE38D821F}.Release|x64.Build.0 = Release|Any CPU
		{F294F440-D3FF-4A4B-8E35-A8FAE38D821F}.Release|x86.ActiveCfg = Release|Any CPU
		{F294F440-D3FF-4A4B-8E35-A8FAE38D821F}.Release|x86.Build.0 = Release|Any CPU
		{3C76F519-2AB9-4283-95B4-EA24E0759B65}.Debug|Any CPU.ActiveCfg = Debug|Any CPU
		{3C76F519-2AB9-4283-95B4-EA24E0759B65}.Debug|Any CPU.Build.0 = Debug|Any CPU
		{3C76F519-2AB9-4283-95B4-EA24E0759B65}.Debug|x64.ActiveCfg = Debug|Any CPU
		{3C76F519-2AB9-4283-95B4-EA24E0759B65}.Debug|x64.Build.0 = Debug|Any CPU
		{3C76F519-2AB9-4283-95B4-EA24E0759B65}.Debug|x86.ActiveCfg = Debug|Any CPU
		{3C76F519-2AB9-4283-95B4-EA24E0759B65}.Debug|x86.Build.0 = Debug|Any CPU
		{3C76F519-2AB9-4283-95B4-EA24E0759B65}.Release|Any CPU.ActiveCfg = Release|Any CPU
		{3C76F519-2AB9-4283-95B4-EA24E0759B65}.Release|Any CPU.Build.0 = Release|Any CPU
		{3C76F519-2AB9-4283-95B4-EA24E0759B65}.Release|x64.ActiveCfg = Release|Any CPU
		{3C76F519-2AB9-4283-95B4-EA24E0759B65}.Release|x64.Build.0 = Release|Any CPU
		{3C76F519-2AB9-4283-95B4-EA24E0759B65}.Release|x86.ActiveCfg = Release|Any CPU
		{3C76F519-2AB9-4283-95B4-EA24E0759B65}.Release|x86.Build.0 = Release|Any CPU
		{39C74599-69A1-4295-AAA3-F15F6D0462A5}.Debug|Any CPU.ActiveCfg = Debug|Any CPU
		{39C74599-69A1-4295-AAA3-F15F6D0462A5}.Debug|Any CPU.Build.0 = Debug|Any CPU
		{39C74599-69A1-4295-AAA3-F15F6D0462A5}.Debug|x64.ActiveCfg = Debug|Any CPU
		{39C74599-69A1-4295-AAA3-F15F6D0462A5}.Debug|x64.Build.0 = Debug|Any CPU
		{39C74599-69A1-4295-AAA3-F15F6D0462A5}.Debug|x86.ActiveCfg = Debug|Any CPU
		{39C74599-69A1-4295-AAA3-F15F6D0462A5}.Debug|x86.Build.0 = Debug|Any CPU
		{39C74599-69A1-4295-AAA3-F15F6D0462A5}.Release|Any CPU.ActiveCfg = Release|Any CPU
		{39C74599-69A1-4295-AAA3-F15F6D0462A5}.Release|Any CPU.Build.0 = Release|Any CPU
		{39C74599-69A1-4295-AAA3-F15F6D0462A5}.Release|x64.ActiveCfg = Release|Any CPU
		{39C74599-69A1-4295-AAA3-F15F6D0462A5}.Release|x64.Build.0 = Release|Any CPU
		{39C74599-69A1-4295-AAA3-F15F6D0462A5}.Release|x86.ActiveCfg = Release|Any CPU
		{39C74599-69A1-4295-AAA3-F15F6D0462A5}.Release|x86.Build.0 = Release|Any CPU
		{B32F8353-834B-40A5-B816-DFFBD12B64A4}.Debug|Any CPU.ActiveCfg = Debug|Any CPU
		{B32F8353-834B-40A5-B816-DFFBD12B64A4}.Debug|Any CPU.Build.0 = Debug|Any CPU
		{B32F8353-834B-40A5-B816-DFFBD12B64A4}.Debug|x64.ActiveCfg = Debug|Any CPU
		{B32F8353-834B-40A5-B816-DFFBD12B64A4}.Debug|x64.Build.0 = Debug|Any CPU
		{B32F8353-834B-40A5-B816-DFFBD12B64A4}.Debug|x86.ActiveCfg = Debug|Any CPU
		{B32F8353-834B-40A5-B816-DFFBD12B64A4}.Debug|x86.Build.0 = Debug|Any CPU
		{B32F8353-834B-40A5-B816-DFFBD12B64A4}.Release|Any CPU.ActiveCfg = Release|Any CPU
		{B32F8353-834B-40A5-B816-DFFBD12B64A4}.Release|Any CPU.Build.0 = Release|Any CPU
		{B32F8353-834B-40A5-B816-DFFBD12B64A4}.Release|x64.ActiveCfg = Release|Any CPU
		{B32F8353-834B-40A5-B816-DFFBD12B64A4}.Release|x64.Build.0 = Release|Any CPU
		{B32F8353-834B-40A5-B816-DFFBD12B64A4}.Release|x86.ActiveCfg = Release|Any CPU
		{B32F8353-834B-40A5-B816-DFFBD12B64A4}.Release|x86.Build.0 = Release|Any CPU
		{28CE79EC-3C6C-45BA-ACBE-08A0709DEA25}.Debug|Any CPU.ActiveCfg = Debug|Any CPU
		{28CE79EC-3C6C-45BA-ACBE-08A0709DEA25}.Debug|Any CPU.Build.0 = Debug|Any CPU
		{28CE79EC-3C6C-45BA-ACBE-08A0709DEA25}.Debug|x64.ActiveCfg = Debug|Any CPU
		{28CE79EC-3C6C-45BA-ACBE-08A0709DEA25}.Debug|x64.Build.0 = Debug|Any CPU
		{28CE79EC-3C6C-45BA-ACBE-08A0709DEA25}.Debug|x86.ActiveCfg = Debug|Any CPU
		{28CE79EC-3C6C-45BA-ACBE-08A0709DEA25}.Debug|x86.Build.0 = Debug|Any CPU
		{28CE79EC-3C6C-45BA-ACBE-08A0709DEA25}.Release|Any CPU.ActiveCfg = Release|Any CPU
		{28CE79EC-3C6C-45BA-ACBE-08A0709DEA25}.Release|Any CPU.Build.0 = Release|Any CPU
		{28CE79EC-3C6C-45BA-ACBE-08A0709DEA25}.Release|x64.ActiveCfg = Release|Any CPU
		{28CE79EC-3C6C-45BA-ACBE-08A0709DEA25}.Release|x64.Build.0 = Release|Any CPU
		{28CE79EC-3C6C-45BA-ACBE-08A0709DEA25}.Release|x86.ActiveCfg = Release|Any CPU
		{28CE79EC-3C6C-45BA-ACBE-08A0709DEA25}.Release|x86.Build.0 = Release|Any CPU
		{A163307C-4F0D-4A30-A534-64BE190C7BAD}.Debug|Any CPU.ActiveCfg = Debug|Any CPU
		{A163307C-4F0D-4A30-A534-64BE190C7BAD}.Debug|Any CPU.Build.0 = Debug|Any CPU
		{A163307C-4F0D-4A30-A534-64BE190C7BAD}.Debug|x64.ActiveCfg = Debug|Any CPU
		{A163307C-4F0D-4A30-A534-64BE190C7BAD}.Debug|x64.Build.0 = Debug|Any CPU
		{A163307C-4F0D-4A30-A534-64BE190C7BAD}.Debug|x86.ActiveCfg = Debug|Any CPU
		{A163307C-4F0D-4A30-A534-64BE190C7BAD}.Debug|x86.Build.0 = Debug|Any CPU
		{A163307C-4F0D-4A30-A534-64BE190C7BAD}.Release|Any CPU.ActiveCfg = Release|Any CPU
		{A163307C-4F0D-4A30-A534-64BE190C7BAD}.Release|Any CPU.Build.0 = Release|Any CPU
		{A163307C-4F0D-4A30-A534-64BE190C7BAD}.Release|x64.ActiveCfg = Release|Any CPU
		{A163307C-4F0D-4A30-A534-64BE190C7BAD}.Release|x64.Build.0 = Release|Any CPU
		{A163307C-4F0D-4A30-A534-64BE190C7BAD}.Release|x86.ActiveCfg = Release|Any CPU
		{A163307C-4F0D-4A30-A534-64BE190C7BAD}.Release|x86.Build.0 = Release|Any CPU
		{B4702794-056C-4735-BF02-6223CB8AA65C}.Debug|Any CPU.ActiveCfg = Debug|Any CPU
		{B4702794-056C-4735-BF02-6223CB8AA65C}.Debug|Any CPU.Build.0 = Debug|Any CPU
		{B4702794-056C-4735-BF02-6223CB8AA65C}.Debug|x64.ActiveCfg = Debug|Any CPU
		{B4702794-056C-4735-BF02-6223CB8AA65C}.Debug|x64.Build.0 = Debug|Any CPU
		{B4702794-056C-4735-BF02-6223CB8AA65C}.Debug|x86.ActiveCfg = Debug|Any CPU
		{B4702794-056C-4735-BF02-6223CB8AA65C}.Debug|x86.Build.0 = Debug|Any CPU
		{B4702794-056C-4735-BF02-6223CB8AA65C}.Release|Any CPU.ActiveCfg = Release|Any CPU
		{B4702794-056C-4735-BF02-6223CB8AA65C}.Release|Any CPU.Build.0 = Release|Any CPU
		{B4702794-056C-4735-BF02-6223CB8AA65C}.Release|x64.ActiveCfg = Release|Any CPU
		{B4702794-056C-4735-BF02-6223CB8AA65C}.Release|x64.Build.0 = Release|Any CPU
		{B4702794-056C-4735-BF02-6223CB8AA65C}.Release|x86.ActiveCfg = Release|Any CPU
		{B4702794-056C-4735-BF02-6223CB8AA65C}.Release|x86.Build.0 = Release|Any CPU
		{5D00C90F-AFE9-4BC7-BFA3-BC4348EE8354}.Debug|Any CPU.ActiveCfg = Debug|Any CPU
		{5D00C90F-AFE9-4BC7-BFA3-BC4348EE8354}.Debug|Any CPU.Build.0 = Debug|Any CPU
		{5D00C90F-AFE9-4BC7-BFA3-BC4348EE8354}.Debug|x64.ActiveCfg = Debug|Any CPU
		{5D00C90F-AFE9-4BC7-BFA3-BC4348EE8354}.Debug|x64.Build.0 = Debug|Any CPU
		{5D00C90F-AFE9-4BC7-BFA3-BC4348EE8354}.Debug|x86.ActiveCfg = Debug|Any CPU
		{5D00C90F-AFE9-4BC7-BFA3-BC4348EE8354}.Debug|x86.Build.0 = Debug|Any CPU
		{5D00C90F-AFE9-4BC7-BFA3-BC4348EE8354}.Release|Any CPU.ActiveCfg = Release|Any CPU
		{5D00C90F-AFE9-4BC7-BFA3-BC4348EE8354}.Release|Any CPU.Build.0 = Release|Any CPU
		{5D00C90F-AFE9-4BC7-BFA3-BC4348EE8354}.Release|x64.ActiveCfg = Release|Any CPU
		{5D00C90F-AFE9-4BC7-BFA3-BC4348EE8354}.Release|x64.Build.0 = Release|Any CPU
		{5D00C90F-AFE9-4BC7-BFA3-BC4348EE8354}.Release|x86.ActiveCfg = Release|Any CPU
		{5D00C90F-AFE9-4BC7-BFA3-BC4348EE8354}.Release|x86.Build.0 = Release|Any CPU
		{EAC34CC7-B5B9-4FC7-AF75-0333119D6680}.Debug|Any CPU.ActiveCfg = Debug|Any CPU
		{EAC34CC7-B5B9-4FC7-AF75-0333119D6680}.Debug|Any CPU.Build.0 = Debug|Any CPU
		{EAC34CC7-B5B9-4FC7-AF75-0333119D6680}.Debug|x64.ActiveCfg = Debug|Any CPU
		{EAC34CC7-B5B9-4FC7-AF75-0333119D6680}.Debug|x64.Build.0 = Debug|Any CPU
		{EAC34CC7-B5B9-4FC7-AF75-0333119D6680}.Debug|x86.ActiveCfg = Debug|Any CPU
		{EAC34CC7-B5B9-4FC7-AF75-0333119D6680}.Debug|x86.Build.0 = Debug|Any CPU
		{EAC34CC7-B5B9-4FC7-AF75-0333119D6680}.Release|Any CPU.ActiveCfg = Release|Any CPU
		{EAC34CC7-B5B9-4FC7-AF75-0333119D6680}.Release|Any CPU.Build.0 = Release|Any CPU
		{EAC34CC7-B5B9-4FC7-AF75-0333119D6680}.Release|x64.ActiveCfg = Release|Any CPU
		{EAC34CC7-B5B9-4FC7-AF75-0333119D6680}.Release|x64.Build.0 = Release|Any CPU
		{EAC34CC7-B5B9-4FC7-AF75-0333119D6680}.Release|x86.ActiveCfg = Release|Any CPU
		{EAC34CC7-B5B9-4FC7-AF75-0333119D6680}.Release|x86.Build.0 = Release|Any CPU
		{8C6FFD5A-731D-4641-B1BD-8A1AA776BEA6}.Debug|Any CPU.ActiveCfg = Debug|Any CPU
		{8C6FFD5A-731D-4641-B1BD-8A1AA776BEA6}.Debug|Any CPU.Build.0 = Debug|Any CPU
		{8C6FFD5A-731D-4641-B1BD-8A1AA776BEA6}.Debug|x64.ActiveCfg = Debug|Any CPU
		{8C6FFD5A-731D-4641-B1BD-8A1AA776BEA6}.Debug|x64.Build.0 = Debug|Any CPU
		{8C6FFD5A-731D-4641-B1BD-8A1AA776BEA6}.Debug|x86.ActiveCfg = Debug|Any CPU
		{8C6FFD5A-731D-4641-B1BD-8A1AA776BEA6}.Debug|x86.Build.0 = Debug|Any CPU
		{8C6FFD5A-731D-4641-B1BD-8A1AA776BEA6}.Release|Any CPU.ActiveCfg = Release|Any CPU
		{8C6FFD5A-731D-4641-B1BD-8A1AA776BEA6}.Release|Any CPU.Build.0 = Release|Any CPU
		{8C6FFD5A-731D-4641-B1BD-8A1AA776BEA6}.Release|x64.ActiveCfg = Release|Any CPU
		{8C6FFD5A-731D-4641-B1BD-8A1AA776BEA6}.Release|x64.Build.0 = Release|Any CPU
		{8C6FFD5A-731D-4641-B1BD-8A1AA776BEA6}.Release|x86.ActiveCfg = Release|Any CPU
		{8C6FFD5A-731D-4641-B1BD-8A1AA776BEA6}.Release|x86.Build.0 = Release|Any CPU
		{4655CC28-09E2-4F7E-B82B-A4C14F3F6B5A}.Debug|Any CPU.ActiveCfg = Debug|Any CPU
		{4655CC28-09E2-4F7E-B82B-A4C14F3F6B5A}.Debug|Any CPU.Build.0 = Debug|Any CPU
		{4655CC28-09E2-4F7E-B82B-A4C14F3F6B5A}.Debug|x64.ActiveCfg = Debug|Any CPU
		{4655CC28-09E2-4F7E-B82B-A4C14F3F6B5A}.Debug|x64.Build.0 = Debug|Any CPU
		{4655CC28-09E2-4F7E-B82B-A4C14F3F6B5A}.Debug|x86.ActiveCfg = Debug|Any CPU
		{4655CC28-09E2-4F7E-B82B-A4C14F3F6B5A}.Debug|x86.Build.0 = Debug|Any CPU
		{4655CC28-09E2-4F7E-B82B-A4C14F3F6B5A}.Release|Any CPU.ActiveCfg = Release|Any CPU
		{4655CC28-09E2-4F7E-B82B-A4C14F3F6B5A}.Release|Any CPU.Build.0 = Release|Any CPU
		{4655CC28-09E2-4F7E-B82B-A4C14F3F6B5A}.Release|x64.ActiveCfg = Release|Any CPU
		{4655CC28-09E2-4F7E-B82B-A4C14F3F6B5A}.Release|x64.Build.0 = Release|Any CPU
		{4655CC28-09E2-4F7E-B82B-A4C14F3F6B5A}.Release|x86.ActiveCfg = Release|Any CPU
		{4655CC28-09E2-4F7E-B82B-A4C14F3F6B5A}.Release|x86.Build.0 = Release|Any CPU
		{A27168B5-7E8D-47F3-BCAB-782CE81E126F}.Debug|Any CPU.ActiveCfg = Debug|Any CPU
		{A27168B5-7E8D-47F3-BCAB-782CE81E126F}.Debug|Any CPU.Build.0 = Debug|Any CPU
		{A27168B5-7E8D-47F3-BCAB-782CE81E126F}.Debug|x64.ActiveCfg = Debug|Any CPU
		{A27168B5-7E8D-47F3-BCAB-782CE81E126F}.Debug|x64.Build.0 = Debug|Any CPU
		{A27168B5-7E8D-47F3-BCAB-782CE81E126F}.Debug|x86.ActiveCfg = Debug|Any CPU
		{A27168B5-7E8D-47F3-BCAB-782CE81E126F}.Debug|x86.Build.0 = Debug|Any CPU
		{A27168B5-7E8D-47F3-BCAB-782CE81E126F}.Release|Any CPU.ActiveCfg = Release|Any CPU
		{A27168B5-7E8D-47F3-BCAB-782CE81E126F}.Release|Any CPU.Build.0 = Release|Any CPU
		{A27168B5-7E8D-47F3-BCAB-782CE81E126F}.Release|x64.ActiveCfg = Release|Any CPU
		{A27168B5-7E8D-47F3-BCAB-782CE81E126F}.Release|x64.Build.0 = Release|Any CPU
		{A27168B5-7E8D-47F3-BCAB-782CE81E126F}.Release|x86.ActiveCfg = Release|Any CPU
		{A27168B5-7E8D-47F3-BCAB-782CE81E126F}.Release|x86.Build.0 = Release|Any CPU
		{8FB41B90-4129-41E1-8596-C9E0C291162F}.Debug|Any CPU.ActiveCfg = Debug|Any CPU
		{8FB41B90-4129-41E1-8596-C9E0C291162F}.Debug|Any CPU.Build.0 = Debug|Any CPU
		{8FB41B90-4129-41E1-8596-C9E0C291162F}.Debug|x64.ActiveCfg = Debug|Any CPU
		{8FB41B90-4129-41E1-8596-C9E0C291162F}.Debug|x64.Build.0 = Debug|Any CPU
		{8FB41B90-4129-41E1-8596-C9E0C291162F}.Debug|x86.ActiveCfg = Debug|Any CPU
		{8FB41B90-4129-41E1-8596-C9E0C291162F}.Debug|x86.Build.0 = Debug|Any CPU
		{8FB41B90-4129-41E1-8596-C9E0C291162F}.Release|Any CPU.ActiveCfg = Release|Any CPU
		{8FB41B90-4129-41E1-8596-C9E0C291162F}.Release|Any CPU.Build.0 = Release|Any CPU
		{8FB41B90-4129-41E1-8596-C9E0C291162F}.Release|x64.ActiveCfg = Release|Any CPU
		{8FB41B90-4129-41E1-8596-C9E0C291162F}.Release|x64.Build.0 = Release|Any CPU
		{8FB41B90-4129-41E1-8596-C9E0C291162F}.Release|x86.ActiveCfg = Release|Any CPU
		{8FB41B90-4129-41E1-8596-C9E0C291162F}.Release|x86.Build.0 = Release|Any CPU
		{9E8102F8-7EA9-4F3C-9864-0A5A0F9E9B9D}.Debug|Any CPU.ActiveCfg = Debug|Any CPU
		{9E8102F8-7EA9-4F3C-9864-0A5A0F9E9B9D}.Debug|Any CPU.Build.0 = Debug|Any CPU
		{9E8102F8-7EA9-4F3C-9864-0A5A0F9E9B9D}.Debug|x64.ActiveCfg = Debug|Any CPU
		{9E8102F8-7EA9-4F3C-9864-0A5A0F9E9B9D}.Debug|x64.Build.0 = Debug|Any CPU
		{9E8102F8-7EA9-4F3C-9864-0A5A0F9E9B9D}.Debug|x86.ActiveCfg = Debug|Any CPU
		{9E8102F8-7EA9-4F3C-9864-0A5A0F9E9B9D}.Debug|x86.Build.0 = Debug|Any CPU
		{9E8102F8-7EA9-4F3C-9864-0A5A0F9E9B9D}.Release|Any CPU.ActiveCfg = Release|Any CPU
		{9E8102F8-7EA9-4F3C-9864-0A5A0F9E9B9D}.Release|Any CPU.Build.0 = Release|Any CPU
		{9E8102F8-7EA9-4F3C-9864-0A5A0F9E9B9D}.Release|x64.ActiveCfg = Release|Any CPU
		{9E8102F8-7EA9-4F3C-9864-0A5A0F9E9B9D}.Release|x64.Build.0 = Release|Any CPU
		{9E8102F8-7EA9-4F3C-9864-0A5A0F9E9B9D}.Release|x86.ActiveCfg = Release|Any CPU
		{9E8102F8-7EA9-4F3C-9864-0A5A0F9E9B9D}.Release|x86.Build.0 = Release|Any CPU
		{F610A5BF-EA04-4EA1-8D93-58AB9655DEF5}.Debug|Any CPU.ActiveCfg = Debug|Any CPU
		{F610A5BF-EA04-4EA1-8D93-58AB9655DEF5}.Debug|Any CPU.Build.0 = Debug|Any CPU
		{F610A5BF-EA04-4EA1-8D93-58AB9655DEF5}.Debug|x64.ActiveCfg = Debug|Any CPU
		{F610A5BF-EA04-4EA1-8D93-58AB9655DEF5}.Debug|x64.Build.0 = Debug|Any CPU
		{F610A5BF-EA04-4EA1-8D93-58AB9655DEF5}.Debug|x86.ActiveCfg = Debug|Any CPU
		{F610A5BF-EA04-4EA1-8D93-58AB9655DEF5}.Debug|x86.Build.0 = Debug|Any CPU
		{F610A5BF-EA04-4EA1-8D93-58AB9655DEF5}.Release|Any CPU.ActiveCfg = Release|Any CPU
		{F610A5BF-EA04-4EA1-8D93-58AB9655DEF5}.Release|Any CPU.Build.0 = Release|Any CPU
		{F610A5BF-EA04-4EA1-8D93-58AB9655DEF5}.Release|x64.ActiveCfg = Release|Any CPU
		{F610A5BF-EA04-4EA1-8D93-58AB9655DEF5}.Release|x64.Build.0 = Release|Any CPU
		{F610A5BF-EA04-4EA1-8D93-58AB9655DEF5}.Release|x86.ActiveCfg = Release|Any CPU
		{F610A5BF-EA04-4EA1-8D93-58AB9655DEF5}.Release|x86.Build.0 = Release|Any CPU
		{9490249B-33FE-4088-97D6-0DB9CC90DA1B}.Debug|Any CPU.ActiveCfg = Debug|Any CPU
		{9490249B-33FE-4088-97D6-0DB9CC90DA1B}.Debug|Any CPU.Build.0 = Debug|Any CPU
		{9490249B-33FE-4088-97D6-0DB9CC90DA1B}.Debug|x64.ActiveCfg = Debug|Any CPU
		{9490249B-33FE-4088-97D6-0DB9CC90DA1B}.Debug|x64.Build.0 = Debug|Any CPU
		{9490249B-33FE-4088-97D6-0DB9CC90DA1B}.Debug|x86.ActiveCfg = Debug|Any CPU
		{9490249B-33FE-4088-97D6-0DB9CC90DA1B}.Debug|x86.Build.0 = Debug|Any CPU
		{9490249B-33FE-4088-97D6-0DB9CC90DA1B}.Release|Any CPU.ActiveCfg = Release|Any CPU
		{9490249B-33FE-4088-97D6-0DB9CC90DA1B}.Release|Any CPU.Build.0 = Release|Any CPU
		{9490249B-33FE-4088-97D6-0DB9CC90DA1B}.Release|x64.ActiveCfg = Release|Any CPU
		{9490249B-33FE-4088-97D6-0DB9CC90DA1B}.Release|x64.Build.0 = Release|Any CPU
		{9490249B-33FE-4088-97D6-0DB9CC90DA1B}.Release|x86.ActiveCfg = Release|Any CPU
		{9490249B-33FE-4088-97D6-0DB9CC90DA1B}.Release|x86.Build.0 = Release|Any CPU
		{D83E2AAF-BA71-4077-9498-8483F571C60A}.Debug|Any CPU.ActiveCfg = Debug|Any CPU
		{D83E2AAF-BA71-4077-9498-8483F571C60A}.Debug|Any CPU.Build.0 = Debug|Any CPU
		{D83E2AAF-BA71-4077-9498-8483F571C60A}.Debug|x64.ActiveCfg = Debug|Any CPU
		{D83E2AAF-BA71-4077-9498-8483F571C60A}.Debug|x64.Build.0 = Debug|Any CPU
		{D83E2AAF-BA71-4077-9498-8483F571C60A}.Debug|x86.ActiveCfg = Debug|Any CPU
		{D83E2AAF-BA71-4077-9498-8483F571C60A}.Debug|x86.Build.0 = Debug|Any CPU
		{D83E2AAF-BA71-4077-9498-8483F571C60A}.Release|Any CPU.ActiveCfg = Release|Any CPU
		{D83E2AAF-BA71-4077-9498-8483F571C60A}.Release|Any CPU.Build.0 = Release|Any CPU
		{D83E2AAF-BA71-4077-9498-8483F571C60A}.Release|x64.ActiveCfg = Release|Any CPU
		{D83E2AAF-BA71-4077-9498-8483F571C60A}.Release|x64.Build.0 = Release|Any CPU
		{D83E2AAF-BA71-4077-9498-8483F571C60A}.Release|x86.ActiveCfg = Release|Any CPU
		{D83E2AAF-BA71-4077-9498-8483F571C60A}.Release|x86.Build.0 = Release|Any CPU
		{DFE92CC9-9415-4E86-8EC9-C0CBB57AB14B}.Debug|Any CPU.ActiveCfg = Debug|Any CPU
		{DFE92CC9-9415-4E86-8EC9-C0CBB57AB14B}.Debug|Any CPU.Build.0 = Debug|Any CPU
		{DFE92CC9-9415-4E86-8EC9-C0CBB57AB14B}.Debug|x64.ActiveCfg = Debug|Any CPU
		{DFE92CC9-9415-4E86-8EC9-C0CBB57AB14B}.Debug|x64.Build.0 = Debug|Any CPU
		{DFE92CC9-9415-4E86-8EC9-C0CBB57AB14B}.Debug|x86.ActiveCfg = Debug|Any CPU
		{DFE92CC9-9415-4E86-8EC9-C0CBB57AB14B}.Debug|x86.Build.0 = Debug|Any CPU
		{DFE92CC9-9415-4E86-8EC9-C0CBB57AB14B}.Release|Any CPU.ActiveCfg = Release|Any CPU
		{DFE92CC9-9415-4E86-8EC9-C0CBB57AB14B}.Release|Any CPU.Build.0 = Release|Any CPU
		{DFE92CC9-9415-4E86-8EC9-C0CBB57AB14B}.Release|x64.ActiveCfg = Release|Any CPU
		{DFE92CC9-9415-4E86-8EC9-C0CBB57AB14B}.Release|x64.Build.0 = Release|Any CPU
		{DFE92CC9-9415-4E86-8EC9-C0CBB57AB14B}.Release|x86.ActiveCfg = Release|Any CPU
		{DFE92CC9-9415-4E86-8EC9-C0CBB57AB14B}.Release|x86.Build.0 = Release|Any CPU
		{C0E134A3-0914-48CB-BA7D-4E5BD92F1C68}.Debug|Any CPU.ActiveCfg = Debug|Any CPU
		{C0E134A3-0914-48CB-BA7D-4E5BD92F1C68}.Debug|Any CPU.Build.0 = Debug|Any CPU
		{C0E134A3-0914-48CB-BA7D-4E5BD92F1C68}.Debug|x64.ActiveCfg = Debug|Any CPU
		{C0E134A3-0914-48CB-BA7D-4E5BD92F1C68}.Debug|x64.Build.0 = Debug|Any CPU
		{C0E134A3-0914-48CB-BA7D-4E5BD92F1C68}.Debug|x86.ActiveCfg = Debug|Any CPU
		{C0E134A3-0914-48CB-BA7D-4E5BD92F1C68}.Debug|x86.Build.0 = Debug|Any CPU
		{C0E134A3-0914-48CB-BA7D-4E5BD92F1C68}.Release|Any CPU.ActiveCfg = Release|Any CPU
		{C0E134A3-0914-48CB-BA7D-4E5BD92F1C68}.Release|Any CPU.Build.0 = Release|Any CPU
		{C0E134A3-0914-48CB-BA7D-4E5BD92F1C68}.Release|x64.ActiveCfg = Release|Any CPU
		{C0E134A3-0914-48CB-BA7D-4E5BD92F1C68}.Release|x64.Build.0 = Release|Any CPU
		{C0E134A3-0914-48CB-BA7D-4E5BD92F1C68}.Release|x86.ActiveCfg = Release|Any CPU
		{C0E134A3-0914-48CB-BA7D-4E5BD92F1C68}.Release|x86.Build.0 = Release|Any CPU
	EndGlobalSection
	GlobalSection(SolutionProperties) = preSolution
		HideSolutionNode = FALSE
	EndGlobalSection
EndGlobal
